schema: '2.0'
stages:
  data_ingestion:
    cmd: python src/ChestCancerClassfication/pipeline/step_01_data_ingestion.py
    deps:
    - path: config/config.yaml
      hash: md5
      md5: cb167b0f60a2e013e0e25730c2e5b109
      size: 576
    - path: src/ChestCancerClassfication/pipeline/step_01_data_ingestion.py
      hash: md5
      md5: b6c02ea32dcfa10c2713d924e556ce26
      size: 942
    outs:
    - path: artifacts/data_ingestion/Data
      hash: md5
      md5: 3ddc2c0e262e947578d73eeec3119af6.dir
      size: 124956798
      nfiles: 1000
  prepare_base_model:
    cmd: python src/ChestCancerClassfication/pipeline/step_02_prepare_base_model.py
    deps:
    - path: config/config.yaml
      hash: md5
      md5: cb167b0f60a2e013e0e25730c2e5b109
      size: 576
    - path: src/ChestCancerClassfication/pipeline/step_02_prepare_base_model.py
      hash: md5
      md5: de19d8f33e58a941c9e86e176f6d89de
      size: 1022
    params:
      params.yaml:
        CLASSES: 4
        IMAGE_SIZE:
        - 299
        - 299
        - 3
        INCLUDE_TOP: false
        LEARNING_RATE: 0.01
        WEIGHTS: imagenet
    outs:
    - path: artifacts/prepare_base_model
      hash: md5
      md5: 9b6a0161aa3e26d52bb37abb49c8d6c2.dir
      size: 178249456
      nfiles: 2
  training:
    cmd: python src/ChestCancerClassfication/pipeline/step_03_model_trainer.py
    deps:
    - path: artifacts/data_ingestion/Data/train
      hash: md5
      md5: a5ec1e860f446c95252d30f7b0549167.dir
      size: 72482362
      nfiles: 613
    - path: artifacts/data_ingestion/Data/valid
      hash: md5
      md5: 5291c14d685da698cd653d49c8f5c7ef.dir
      size: 9187861
      nfiles: 72
    - path: artifacts/prepare_base_model
      hash: md5
      md5: 9b6a0161aa3e26d52bb37abb49c8d6c2.dir
      size: 178249456
      nfiles: 2
    - path: config/config.yaml
      hash: md5
      md5: cb167b0f60a2e013e0e25730c2e5b109
      size: 576
    - path: src/ChestCancerClassfication/pipeline/step_03_model_trainer.py
      hash: md5
      md5: e5edaf395b96eccb716f26664fc9c13c
      size: 938
    params:
      params.yaml:
        AUGMENTATION: true
        BATCH_SIZE: 16
        EPOCHS: 50
        IMAGE_SIZE:
        - 299
        - 299
        - 3
    outs:
    - path: artifacts/training/model.h5
      hash: md5
      md5: 1987d29dd7cccdf249a1df7524d965be
      size: 92276728
  evaluation:
    cmd: python src/ChestCancerClassfication/pipeline/step_04_model_evaluation.py
    deps:
    - path: artifacts/data_ingestion/Data/valid
      hash: md5
      md5: 5291c14d685da698cd653d49c8f5c7ef.dir
      size: 9187861
      nfiles: 72
    - path: artifacts/training/model.h5
      hash: md5
      md5: 1987d29dd7cccdf249a1df7524d965be
      size: 92276728
    - path: config/config.yaml
      hash: md5
      md5: cb167b0f60a2e013e0e25730c2e5b109
      size: 576
    - path: src/ChestCancerClassfication/pipeline/step_04_model_evaluation.py
      hash: md5
      md5: a8025119ea0dc2fdae24758f59e2db1d
      size: 943
    params:
      params.yaml:
        BATCH_SIZE: 16
        IMAGE_SIZE:
        - 299
        - 299
        - 3
    outs:
    - path: scores.json
      hash: md5
      md5: f686f1f467672b522fd7570adb8e860f
      size: 72
